
Microsoft Visual Studio Solution File, Format Version 12.00
# Visual Studio Version 16
VisualStudioVersion = 16.0.29709.97
MinimumVisualStudioVersion = 10.0.40219.1
Project("{FAE04EC0-301F-11D3-BF4B-00C04F79EFBC}") = "Exercise 2 day 2", "Exercise 2 day 2\Exercise 2 day 2.csproj", "{B47D5710-CD62-4B13-8869-D69D3AF20EA7}"
EndProject
Global
	GlobalSection(SolutionConfigurationPlatforms) = preSolution
		Debug|Any CPU = Debug|Any CPU
		Release|Any CPU = Release|Any CPU
	EndGlobalSection
	GlobalSection(ProjectConfigurationPlatforms) = postSolution
		{B47D5710-CD62-4B13-8869-D69D3AF20EA7}.Debug|Any CPU.ActiveCfg = Debug|Any CPU
		{B47D5710-CD62-4B13-8869-D69D3AF20EA7}.Debug|Any CPU.Build.0 = Debug|Any CPU
		{B47D5710-CD62-4B13-8869-D69D3AF20EA7}.Release|Any CPU.ActiveCfg = Release|Any CPU
		{B47D5710-CD62-4B13-8869-D69D3AF20EA7}.Release|Any CPU.Build.0 = Release|Any CPU
	EndGlobalSection
	GlobalSection(SolutionProperties) = preSolution
		HideSolutionNode = FALSE
	EndGlobalSection
	GlobalSection(ExtensibilityGlobals) = postSolution
		SolutionGuid = {2C6E1770-FCA3-40C3-A32C-35D56A093AD1}
	EndGlobalSection
EndGlobal
